// !$*UTF8*$!
{
	archiveVersion = 1;
	classes = {
	};
	objectVersion = 56;
	objects = {

/* Begin PBXBuildFile section */
		2280A6BB2BD3BF7F005A62DE /* NotesSSBApp.swift in Sources */ = {isa = PBXBuildFile; fileRef = 2280A6BA2BD3BF7F005A62DE /* NotesSSBApp.swift */; };
		2280A6BD2BD3BF7F005A62DE /* ContentView.swift in Sources */ = {isa = PBXBuildFile; fileRef = 2280A6BC2BD3BF7F005A62DE /* ContentView.swift */; };
		2280A6C42BD3BF80005A62DE /* Preview Assets.xcassets in Resources */ = {isa = PBXBuildFile; fileRef = 2280A6C32BD3BF80005A62DE /* Preview Assets.xcassets */; };
		2280A6DB2BD3D8F3005A62DE /* Note.swift in Sources */ = {isa = PBXBuildFile; fileRef = 2280A6DA2BD3D8F3005A62DE /* Note.swift */; };
		2280A6DD2BD3D8F9005A62DE /* Stage.swift in Sources */ = {isa = PBXBuildFile; fileRef = 2280A6DC2BD3D8F9005A62DE /* Stage.swift */; };
		2280A6DF2BD3D8FC005A62DE /* Habit.swift in Sources */ = {isa = PBXBuildFile; fileRef = 2280A6DE2BD3D8FC005A62DE /* Habit.swift */; };
		2280A6E32BD3D904005A62DE /* Character.swift in Sources */ = {isa = PBXBuildFile; fileRef = 2280A6E22BD3D904005A62DE /* Character.swift */; };
		2280A6E72BD3D90D005A62DE /* data.swift in Sources */ = {isa = PBXBuildFile; fileRef = 2280A6E62BD3D90D005A62DE /* data.swift */; };
		2280A6F02BD3D913005A62DE /* Detail.swift in Sources */ = {isa = PBXBuildFile; fileRef = 2280A6E82BD3D913005A62DE /* Detail.swift */; };
		2280A6F12BD3D913005A62DE /* HabitRow.swift in Sources */ = {isa = PBXBuildFile; fileRef = 2280A6E92BD3D913005A62DE /* HabitRow.swift */; };
		2280A6F22BD3D913005A62DE /* HabitsList.swift in Sources */ = {isa = PBXBuildFile; fileRef = 2280A6EA2BD3D913005A62DE /* HabitsList.swift */; };
		2280A6F42BD3D913005A62DE /* MultiSelectRow.swift in Sources */ = {isa = PBXBuildFile; fileRef = 2280A6EC2BD3D913005A62DE /* MultiSelectRow.swift */; };
		2280A6F52BD3D913005A62DE /* NoteRow.swift in Sources */ = {isa = PBXBuildFile; fileRef = 2280A6ED2BD3D913005A62DE /* NoteRow.swift */; };
		2280A7022BD3D99F005A62DE /* NoteView.swift in Sources */ = {isa = PBXBuildFile; fileRef = 2280A7012BD3D99F005A62DE /* NoteView.swift */; };
		2280A7042BD3E3F5005A62DE /* Assets.xcassets in Resources */ = {isa = PBXBuildFile; fileRef = 2280A7032BD3E3F5005A62DE /* Assets.xcassets */; };
		2280A7082BD408E7005A62DE /* HabitSituation.swift in Sources */ = {isa = PBXBuildFile; fileRef = 2280A7072BD408E7005A62DE /* HabitSituation.swift */; };
		2280A7102BD42FAF005A62DE /* OptionsList.swift in Sources */ = {isa = PBXBuildFile; fileRef = 2280A70F2BD42FAF005A62DE /* OptionsList.swift */; };
		2280A7122BD42FC9005A62DE /* SelectablesSection.swift in Sources */ = {isa = PBXBuildFile; fileRef = 2280A7112BD42FC9005A62DE /* SelectablesSection.swift */; };
/* End PBXBuildFile section */

/* Begin PBXFileReference section */
		2280A6B72BD3BF7F005A62DE /* NotesSSB.app */ = {isa = PBXFileReference; explicitFileType = wrapper.application; includeInIndex = 0; path = NotesSSB.app; sourceTree = BUILT_PRODUCTS_DIR; };
		2280A6BA2BD3BF7F005A62DE /* NotesSSBApp.swift */ = {isa = PBXFileReference; lastKnownFileType = sourcecode.swift; path = NotesSSBApp.swift; sourceTree = "<group>"; };
		2280A6BC2BD3BF7F005A62DE /* ContentView.swift */ = {isa = PBXFileReference; lastKnownFileType = sourcecode.swift; path = ContentView.swift; sourceTree = "<group>"; };
		2280A6C32BD3BF80005A62DE /* Preview Assets.xcassets */ = {isa = PBXFileReference; lastKnownFileType = folder.assetcatalog; path = "Preview Assets.xcassets"; sourceTree = "<group>"; };
		2280A6DA2BD3D8F3005A62DE /* Note.swift */ = {isa = PBXFileReference; fileEncoding = 4; lastKnownFileType = sourcecode.swift; name = Note.swift; path = "../../../Smash Notes/Smash Notes/Data/Note.swift"; sourceTree = "<group>"; };
		2280A6DC2BD3D8F9005A62DE /* Stage.swift */ = {isa = PBXFileReference; fileEncoding = 4; lastKnownFileType = sourcecode.swift; name = Stage.swift; path = "../../../Smash Notes/Smash Notes/Data/Stage.swift"; sourceTree = "<group>"; };
		2280A6DE2BD3D8FC005A62DE /* Habit.swift */ = {isa = PBXFileReference; fileEncoding = 4; lastKnownFileType = sourcecode.swift; name = Habit.swift; path = "../../../Smash Notes/Smash Notes/Data/Habit.swift"; sourceTree = "<group>"; };
		2280A6E22BD3D904005A62DE /* Character.swift */ = {isa = PBXFileReference; fileEncoding = 4; lastKnownFileType = sourcecode.swift; name = Character.swift; path = "../../../Smash Notes/Smash Notes/Data/Character.swift"; sourceTree = "<group>"; };
		2280A6E62BD3D90D005A62DE /* data.swift */ = {isa = PBXFileReference; fileEncoding = 4; lastKnownFileType = sourcecode.swift; name = data.swift; path = "../../Smash Notes/Smash Notes/data.swift"; sourceTree = "<group>"; };
		2280A6E82BD3D913005A62DE /* Detail.swift */ = {isa = PBXFileReference; fileEncoding = 4; lastKnownFileType = sourcecode.swift; path = Detail.swift; sourceTree = "<group>"; };
		2280A6E92BD3D913005A62DE /* HabitRow.swift */ = {isa = PBXFileReference; fileEncoding = 4; lastKnownFileType = sourcecode.swift; path = HabitRow.swift; sourceTree = "<group>"; };
		2280A6EA2BD3D913005A62DE /* HabitsList.swift */ = {isa = PBXFileReference; fileEncoding = 4; lastKnownFileType = sourcecode.swift; path = HabitsList.swift; sourceTree = "<group>"; };
		2280A6EC2BD3D913005A62DE /* MultiSelectRow.swift */ = {isa = PBXFileReference; fileEncoding = 4; lastKnownFileType = sourcecode.swift; path = MultiSelectRow.swift; sourceTree = "<group>"; };
		2280A6ED2BD3D913005A62DE /* NoteRow.swift */ = {isa = PBXFileReference; fileEncoding = 4; lastKnownFileType = sourcecode.swift; path = NoteRow.swift; sourceTree = "<group>"; };
		2280A7012BD3D99F005A62DE /* NoteView.swift */ = {isa = PBXFileReference; fileEncoding = 4; lastKnownFileType = sourcecode.swift; path = NoteView.swift; sourceTree = "<group>"; };
		2280A7032BD3E3F5005A62DE /* Assets.xcassets */ = {isa = PBXFileReference; lastKnownFileType = folder.assetcatalog; path = Assets.xcassets; sourceTree = "<group>"; };
		2280A7072BD408E7005A62DE /* HabitSituation.swift */ = {isa = PBXFileReference; lastKnownFileType = sourcecode.swift; path = HabitSituation.swift; sourceTree = "<group>"; };
		2280A70F2BD42FAF005A62DE /* OptionsList.swift */ = {isa = PBXFileReference; lastKnownFileType = sourcecode.swift; path = OptionsList.swift; sourceTree = "<group>"; };
		2280A7112BD42FC9005A62DE /* SelectablesSection.swift */ = {isa = PBXFileReference; lastKnownFileType = sourcecode.swift; path = SelectablesSection.swift; sourceTree = "<group>"; };
/* End PBXFileReference section */

/* Begin PBXFrameworksBuildPhase section */
		2280A6B42BD3BF7F005A62DE /* Frameworks */ = {
			isa = PBXFrameworksBuildPhase;
			buildActionMask = 2147483647;
			files = (
			);
			runOnlyForDeploymentPostprocessing = 0;
		};
/* End PBXFrameworksBuildPhase section */

/* Begin PBXGroup section */
		2280A6AE2BD3BF7F005A62DE = {
			isa = PBXGroup;
			children = (
				2280A6B92BD3BF7F005A62DE /* NotesSSB */,
				2280A6B82BD3BF7F005A62DE /* Products */,
			);
			sourceTree = "<group>";
		};
		2280A6B82BD3BF7F005A62DE /* Products */ = {
			isa = PBXGroup;
			children = (
				2280A6B72BD3BF7F005A62DE /* NotesSSB.app */,
			);
			name = Products;
			sourceTree = "<group>";
		};
		2280A6B92BD3BF7F005A62DE /* NotesSSB */ = {
			isa = PBXGroup;
			children = (
				2280A6F92BD3D930005A62DE /* Views */,
				2280A6EF2BD3D913005A62DE /* Components */,
				2280A6D92BD3D8E7005A62DE /* Models */,
				2280A6BA2BD3BF7F005A62DE /* NotesSSBApp.swift */,
				2280A6E62BD3D90D005A62DE /* data.swift */,
				2280A7032BD3E3F5005A62DE /* Assets.xcassets */,
				2280A6C22BD3BF80005A62DE /* Preview Content */,
			);
			path = NotesSSB;
			sourceTree = "<group>";
		};
		2280A6C22BD3BF80005A62DE /* Preview Content */ = {
			isa = PBXGroup;
			children = (
				2280A6C32BD3BF80005A62DE /* Preview Assets.xcassets */,
			);
			path = "Preview Content";
			sourceTree = "<group>";
		};
		2280A6D92BD3D8E7005A62DE /* Models */ = {
			isa = PBXGroup;
			children = (
				2280A6DA2BD3D8F3005A62DE /* Note.swift */,
				2280A6DC2BD3D8F9005A62DE /* Stage.swift */,
				2280A6DE2BD3D8FC005A62DE /* Habit.swift */,
				2280A6E22BD3D904005A62DE /* Character.swift */,
				2280A7072BD408E7005A62DE /* HabitSituation.swift */,
			);
			path = Models;
			sourceTree = "<group>";
		};
		2280A6EF2BD3D913005A62DE /* Components */ = {
			isa = PBXGroup;
			children = (
				2280A6E82BD3D913005A62DE /* Detail.swift */,
				2280A6E92BD3D913005A62DE /* HabitRow.swift */,
				2280A6EA2BD3D913005A62DE /* HabitsList.swift */,
				2280A6EC2BD3D913005A62DE /* MultiSelectRow.swift */,
				2280A6ED2BD3D913005A62DE /* NoteRow.swift */,
				2280A70F2BD42FAF005A62DE /* OptionsList.swift */,
				2280A7112BD42FC9005A62DE /* SelectablesSection.swift */,
			);
			name = Components;
			path = "../../Smash Notes/Smash Notes/Components";
			sourceTree = "<group>";
		};
		2280A6F92BD3D930005A62DE /* Views */ = {
			isa = PBXGroup;
			children = (
				2280A6BC2BD3BF7F005A62DE /* ContentView.swift */,
				2280A7012BD3D99F005A62DE /* NoteView.swift */,
			);
			path = Views;
			sourceTree = "<group>";
		};
/* End PBXGroup section */

/* Begin PBXNativeTarget section */
		2280A6B62BD3BF7F005A62DE /* NotesSSB */ = {
			isa = PBXNativeTarget;
			buildConfigurationList = 2280A6C72BD3BF80005A62DE /* Build configuration list for PBXNativeTarget "NotesSSB" */;
			buildPhases = (
				2280A6B32BD3BF7F005A62DE /* Sources */,
				2280A6B42BD3BF7F005A62DE /* Frameworks */,
				2280A6B52BD3BF7F005A62DE /* Resources */,
			);
			buildRules = (
			);
			dependencies = (
			);
			name = NotesSSB;
			productName = NotesSSB;
			productReference = 2280A6B72BD3BF7F005A62DE /* NotesSSB.app */;
			productType = "com.apple.product-type.application";
		};
/* End PBXNativeTarget section */

/* Begin PBXProject section */
		2280A6AF2BD3BF7F005A62DE /* Project object */ = {
			isa = PBXProject;
			attributes = {
				BuildIndependentTargetsInParallel = 1;
				LastSwiftUpdateCheck = 1530;
				LastUpgradeCheck = 1530;
				TargetAttributes = {
					2280A6B62BD3BF7F005A62DE = {
						CreatedOnToolsVersion = 15.3;
					};
				};
			};
			buildConfigurationList = 2280A6B22BD3BF7F005A62DE /* Build configuration list for PBXProject "NotesSSB" */;
			compatibilityVersion = "Xcode 14.0";
			developmentRegion = en;
			hasScannedForEncodings = 0;
			knownRegions = (
				en,
				Base,
			);
			mainGroup = 2280A6AE2BD3BF7F005A62DE;
			productRefGroup = 2280A6B82BD3BF7F005A62DE /* Products */;
			projectDirPath = "";
			projectRoot = "";
			targets = (
				2280A6B62BD3BF7F005A62DE /* NotesSSB */,
			);
		};
/* End PBXProject section */

/* Begin PBXResourcesBuildPhase section */
		2280A6B52BD3BF7F005A62DE /* Resources */ = {
			isa = PBXResourcesBuildPhase;
			buildActionMask = 2147483647;
			files = (
				2280A7042BD3E3F5005A62DE /* Assets.xcassets in Resources */,
				2280A6C42BD3BF80005A62DE /* Preview Assets.xcassets in Resources */,
			);
			runOnlyForDeploymentPostprocessing = 0;
		};
/* End PBXResourcesBuildPhase section */

/* Begin PBXSourcesBuildPhase section */
		2280A6B32BD3BF7F005A62DE /* Sources */ = {
			isa = PBXSourcesBuildPhase;
			buildActionMask = 2147483647;
			files = (
				2280A6E32BD3D904005A62DE /* Character.swift in Sources */,
				2280A6DD2BD3D8F9005A62DE /* Stage.swift in Sources */,
				2280A6F42BD3D913005A62DE /* MultiSelectRow.swift in Sources */,
				2280A7082BD408E7005A62DE /* HabitSituation.swift in Sources */,
				2280A6F02BD3D913005A62DE /* Detail.swift in Sources */,
				2280A6DB2BD3D8F3005A62DE /* Note.swift in Sources */,
				2280A6E72BD3D90D005A62DE /* data.swift in Sources */,
				2280A7122BD42FC9005A62DE /* SelectablesSection.swift in Sources */,
				2280A6BD2BD3BF7F005A62DE /* ContentView.swift in Sources */,
				2280A6F22BD3D913005A62DE /* HabitsList.swift in Sources */,
				2280A7102BD42FAF005A62DE /* OptionsList.swift in Sources */,
				2280A6F12BD3D913005A62DE /* HabitRow.swift in Sources */,
				2280A6F52BD3D913005A62DE /* NoteRow.swift in Sources */,
				2280A7022BD3D99F005A62DE /* NoteView.swift in Sources */,
				2280A6DF2BD3D8FC005A62DE /* Habit.swift in Sources */,
				2280A6BB2BD3BF7F005A62DE /* NotesSSBApp.swift in Sources */,
			);
			runOnlyForDeploymentPostprocessing = 0;
		};
/* End PBXSourcesBuildPhase section */

/* Begin XCBuildConfiguration section */
		2280A6C52BD3BF80005A62DE /* Debug */ = {
			isa = XCBuildConfiguration;
			buildSettings = {
				ALWAYS_SEARCH_USER_PATHS = NO;
				ASSETCATALOG_COMPILER_GENERATE_SWIFT_ASSET_SYMBOL_EXTENSIONS = YES;
				CLANG_ANALYZER_NONNULL = YES;
				CLANG_ANALYZER_NUMBER_OBJECT_CONVERSION = YES_AGGRESSIVE;
				CLANG_CXX_LANGUAGE_STANDARD = "gnu++20";
				CLANG_ENABLE_MODULES = YES;
				CLANG_ENABLE_OBJC_ARC = YES;
				CLANG_ENABLE_OBJC_WEAK = YES;
				CLANG_WARN_BLOCK_CAPTURE_AUTORELEASING = YES;
				CLANG_WARN_BOOL_CONVERSION = YES;
				CLANG_WARN_COMMA = YES;
				CLANG_WARN_CONSTANT_CONVERSION = YES;
				CLANG_WARN_DEPRECATED_OBJC_IMPLEMENTATIONS = YES;
				CLANG_WARN_DIRECT_OBJC_ISA_USAGE = YES_ERROR;
				CLANG_WARN_DOCUMENTATION_COMMENTS = YES;
				CLANG_WARN_EMPTY_BODY = YES;
				CLANG_WARN_ENUM_CONVERSION = YES;
				CLANG_WARN_INFINITE_RECURSION = YES;
				CLANG_WARN_INT_CONVERSION = YES;
				CLANG_WARN_NON_LITERAL_NULL_CONVERSION = YES;
				CLANG_WARN_OBJC_IMPLICIT_RETAIN_SELF = YES;
				CLANG_WARN_OBJC_LITERAL_CONVERSION = YES;
				CLANG_WARN_OBJC_ROOT_CLASS = YES_ERROR;
				CLANG_WARN_QUOTED_INCLUDE_IN_FRAMEWORK_HEADER = YES;
				CLANG_WARN_RANGE_LOOP_ANALYSIS = YES;
				CLANG_WARN_STRICT_PROTOTYPES = YES;
				CLANG_WARN_SUSPICIOUS_MOVE = YES;
				CLANG_WARN_UNGUARDED_AVAILABILITY = YES_AGGRESSIVE;
				CLANG_WARN_UNREACHABLE_CODE = YES;
				CLANG_WARN__DUPLICATE_METHOD_MATCH = YES;
				COPY_PHASE_STRIP = NO;
				DEBUG_INFORMATION_FORMAT = dwarf;
				ENABLE_STRICT_OBJC_MSGSEND = YES;
				ENABLE_TESTABILITY = YES;
				ENABLE_USER_SCRIPT_SANDBOXING = YES;
				GCC_C_LANGUAGE_STANDARD = gnu17;
				GCC_DYNAMIC_NO_PIC = NO;
				GCC_NO_COMMON_BLOCKS = YES;
				GCC_OPTIMIZATION_LEVEL = 0;
				GCC_PREPROCESSOR_DEFINITIONS = (
					"DEBUG=1",
					"$(inherited)",
				);
				GCC_WARN_64_TO_32_BIT_CONVERSION = YES;
				GCC_WARN_ABOUT_RETURN_TYPE = YES_ERROR;
				GCC_WARN_UNDECLARED_SELECTOR = YES;
				GCC_WARN_UNINITIALIZED_AUTOS = YES_AGGRESSIVE;
				GCC_WARN_UNUSED_FUNCTION = YES;
				GCC_WARN_UNUSED_VARIABLE = YES;
				IPHONEOS_DEPLOYMENT_TARGET = 17.4;
				LOCALIZATION_PREFERS_STRING_CATALOGS = YES;
				MTL_ENABLE_DEBUG_INFO = INCLUDE_SOURCE;
				MTL_FAST_MATH = YES;
				ONLY_ACTIVE_ARCH = YES;
				SDKROOT = iphoneos;
				SWIFT_ACTIVE_COMPILATION_CONDITIONS = "DEBUG $(inherited)";
				SWIFT_OPTIMIZATION_LEVEL = "-Onone";
			};
			name = Debug;
		};
		2280A6C62BD3BF80005A62DE /* Release */ = {
			isa = XCBuildConfiguration;
			buildSettings = {
				ALWAYS_SEARCH_USER_PATHS = NO;
				ASSETCATALOG_COMPILER_GENERATE_SWIFT_ASSET_SYMBOL_EXTENSIONS = YES;
				CLANG_ANALYZER_NONNULL = YES;
				CLANG_ANALYZER_NUMBER_OBJECT_CONVERSION = YES_AGGRESSIVE;
				CLANG_CXX_LANGUAGE_STANDARD = "gnu++20";
				CLANG_ENABLE_MODULES = YES;
				CLANG_ENABLE_OBJC_ARC = YES;
				CLANG_ENABLE_OBJC_WEAK = YES;
				CLANG_WARN_BLOCK_CAPTURE_AUTORELEASING = YES;
				CLANG_WARN_BOOL_CONVERSION = YES;
				CLANG_WARN_COMMA = YES;
				CLANG_WARN_CONSTANT_CONVERSION = YES;
				CLANG_WARN_DEPRECATED_OBJC_IMPLEMENTATIONS = YES;
				CLANG_WARN_DIRECT_OBJC_ISA_USAGE = YES_ERROR;
				CLANG_WARN_DOCUMENTATION_COMMENTS = YES;
				CLANG_WARN_EMPTY_BODY = YES;
				CLANG_WARN_ENUM_CONVERSION = YES;
				CLANG_WARN_INFINITE_RECURSION = YES;
				CLANG_WARN_INT_CONVERSION = YES;
				CLANG_WARN_NON_LITERAL_NULL_CONVERSION = YES;
				CLANG_WARN_OBJC_IMPLICIT_RETAIN_SELF = YES;
				CLANG_WARN_OBJC_LITERAL_CONVERSION = YES;
				CLANG_WARN_OBJC_ROOT_CLASS = YES_ERROR;
				CLANG_WARN_QUOTED_INCLUDE_IN_FRAMEWORK_HEADER = YES;
				CLANG_WARN_RANGE_LOOP_ANALYSIS = YES;
				CLANG_WARN_STRICT_PROTOTYPES = YES;
				CLANG_WARN_SUSPICIOUS_MOVE = YES;
				CLANG_WARN_UNGUARDED_AVAILABILITY = YES_AGGRESSIVE;
				CLANG_WARN_UNREACHABLE_CODE = YES;
				CLANG_WARN__DUPLICATE_METHOD_MATCH = YES;
				COPY_PHASE_STRIP = NO;
				DEBUG_INFORMATION_FORMAT = "dwarf-with-dsym";
				ENABLE_NS_ASSERTIONS = NO;
				ENABLE_STRICT_OBJC_MSGSEND = YES;
				ENABLE_USER_SCRIPT_SANDBOXING = YES;
				GCC_C_LANGUAGE_STANDARD = gnu17;
				GCC_NO_COMMON_BLOCKS = YES;
				GCC_WARN_64_TO_32_BIT_CONVERSION = YES;
				GCC_WARN_ABOUT_RETURN_TYPE = YES_ERROR;
				GCC_WARN_UNDECLARED_SELECTOR = YES;
				GCC_WARN_UNINITIALIZED_AUTOS = YES_AGGRESSIVE;
				GCC_WARN_UNUSED_FUNCTION = YES;
				GCC_WARN_UNUSED_VARIABLE = YES;
				IPHONEOS_DEPLOYMENT_TARGET = 17.4;
				LOCALIZATION_PREFERS_STRING_CATALOGS = YES;
				MTL_ENABLE_DEBUG_INFO = NO;
				MTL_FAST_MATH = YES;
				SDKROOT = iphoneos;
				SWIFT_COMPILATION_MODE = wholemodule;
				VALIDATE_PRODUCT = YES;
			};
			name = Release;
		};
		2280A6C82BD3BF80005A62DE /* Debug */ = {
			isa = XCBuildConfiguration;
			buildSettings = {
				ASSETCATALOG_COMPILER_APPICON_NAME = AppIcon;
				ASSETCATALOG_COMPILER_GLOBAL_ACCENT_COLOR_NAME = AccentColor;
				CODE_SIGN_STYLE = Automatic;
				CURRENT_PROJECT_VERSION = 1;
				DEVELOPMENT_ASSET_PATHS = "\"NotesSSB/Preview Content\"";
				DEVELOPMENT_TEAM = 2S37T64T3P;
				ENABLE_PREVIEWS = YES;
				GENERATE_INFOPLIST_FILE = YES;
				INFOPLIST_KEY_UIApplicationSceneManifest_Generation = YES;
				INFOPLIST_KEY_UIApplicationSupportsIndirectInputEvents = YES;
				INFOPLIST_KEY_UILaunchScreen_Generation = YES;
				INFOPLIST_KEY_UISupportedInterfaceOrientations_iPad = "UIInterfaceOrientationPortrait UIInterfaceOrientationPortraitUpsideDown UIInterfaceOrientationLandscapeLeft UIInterfaceOrientationLandscapeRight";
				INFOPLIST_KEY_UISupportedInterfaceOrientations_iPhone = "UIInterfaceOrientationPortrait UIInterfaceOrientationLandscapeLeft UIInterfaceOrientationLandscapeRight";
				LD_RUNPATH_SEARCH_PATHS = (
					"$(inherited)",
					"@executable_path/Frameworks",
				);
				MARKETING_VERSION = 1.0;
				PRODUCT_BUNDLE_IDENTIFIER = bartomeumas.NotesSSB;
				PRODUCT_NAME = "$(TARGET_NAME)";
				SWIFT_EMIT_LOC_STRINGS = YES;
				SWIFT_VERSION = 5.0;
				TARGETED_DEVICE_FAMILY = "1,2";
			};
			name = Debug;
		};
		2280A6C92BD3BF80005A62DE /* Release */ = {
			isa = XCBuildConfiguration;
			buildSettings = {
				ASSETCATALOG_COMPILER_APPICON_NAME = AppIcon;
				ASSETCATALOG_COMPILER_GLOBAL_ACCENT_COLOR_NAME = AccentColor;
				CODE_SIGN_STYLE = Automatic;
				CURRENT_PROJECT_VERSION = 1;
				DEVELOPMENT_ASSET_PATHS = "\"NotesSSB/Preview Content\"";
				DEVELOPMENT_TEAM = 2S37T64T3P;
				ENABLE_PREVIEWS = YES;
				GENERATE_INFOPLIST_FILE = YES;
				INFOPLIST_KEY_UIApplicationSceneManifest_Generation = YES;
				INFOPLIST_KEY_UIApplicationSupportsIndirectInputEvents = YES;
				INFOPLIST_KEY_UILaunchScreen_Generation = YES;
				INFOPLIST_KEY_UISupportedInterfaceOrientations_iPad = "UIInterfaceOrientationPortrait UIInterfaceOrientationPortraitUpsideDown UIInterfaceOrientationLandscapeLeft UIInterfaceOrientationLandscapeRight";
				INFOPLIST_KEY_UISupportedInterfaceOrientations_iPhone = "UIInterfaceOrientationPortrait UIInterfaceOrientationLandscapeLeft UIInterfaceOrientationLandscapeRight";
				LD_RUNPATH_SEARCH_PATHS = (
					"$(inherited)",
					"@executable_path/Frameworks",
				);
				MARKETING_VERSION = 1.0;
				PRODUCT_BUNDLE_IDENTIFIER = bartomeumas.NotesSSB;
				PRODUCT_NAME = "$(TARGET_NAME)";
				SWIFT_EMIT_LOC_STRINGS = YES;
				SWIFT_VERSION = 5.0;
				TARGETED_DEVICE_FAMILY = "1,2";
			};
			name = Release;
		};
/* End XCBuildConfiguration section */

/* Begin XCConfigurationList section */
		2280A6B22BD3BF7F005A62DE /* Build configuration list for PBXProject "NotesSSB" */ = {
			isa = XCConfigurationList;
			buildConfigurations = (
				2280A6C52BD3BF80005A62DE /* Debug */,
				2280A6C62BD3BF80005A62DE /* Release */,
			);
			defaultConfigurationIsVisible = 0;
			defaultConfigurationName = Release;
		};
		2280A6C72BD3BF80005A62DE /* Build configuration list for PBXNativeTarget "NotesSSB" */ = {
			isa = XCConfigurationList;
			buildConfigurations = (
				2280A6C82BD3BF80005A62DE /* Debug */,
				2280A6C92BD3BF80005A62DE /* Release */,
			);
			defaultConfigurationIsVisible = 0;
			defaultConfigurationName = Release;
		};
/* End XCConfigurationList section */
	};
	rootObject = 2280A6AF2BD3BF7F005A62DE /* Project object */;
}
